
Microsoft Visual Studio Solution File, Format Version 12.00
# Visual Studio Version 17
VisualStudioVersion = 17.9.34728.123
MinimumVisualStudioVersion = 10.0.40219.1
Project("{2150E333-8FDC-42A3-9474-1A3956D46DE8}") = "1-Banco1", "1-Banco1", "{8A4DA3BD-A48B-4A29-BDEE-056B19CE927F}"
EndProject
Project("{2150E333-8FDC-42A3-9474-1A3956D46DE8}") = "2-Banco2", "2-Banco2", "{335904EB-A38C-40C4-8507-3ACF6AE6223C}"
EndProject
Project("{2150E333-8FDC-42A3-9474-1A3956D46DE8}") = "3-Banco3", "3-Banco3", "{6587E039-82A3-4ADB-BFC0-8AD9EBBC1948}"
EndProject
Project("{2150E333-8FDC-42A3-9474-1A3956D46DE8}") = "4-Consolida", "4-Consolida", "{8CFA85DD-1A5E-46DA-A8D2-DF4525877904}"
EndProject
Project("{2150E333-8FDC-42A3-9474-1A3956D46DE8}") = "5-Web", "5-Web", "{4C61A5E6-95C5-4971-A020-CCB0812EE746}"
EndProject
Project("{9A19103F-16F7-4668-BE54-9A1E7A4F7556}") = "Banco1", "Banco1\Banco1.csproj", "{97883E6F-DF2B-4E40-A2EA-FBC45A8BC381}"
EndProject
Project("{9A19103F-16F7-4668-BE54-9A1E7A4F7556}") = "Banco2", "Banco2\Banco2.csproj", "{9D641B07-7D3F-4AC5-9D0C-0CB660CED611}"
EndProject
Project("{9A19103F-16F7-4668-BE54-9A1E7A4F7556}") = "Banco3", "Banco3\Banco3.csproj", "{270E175B-340C-4725-B683-BB95C02D39D1}"
EndProject
Project("{9A19103F-16F7-4668-BE54-9A1E7A4F7556}") = "Consolida", "Consolida\Consolida.csproj", "{D173F59E-77BA-4685-975B-6E60161BA0C0}"
EndProject
Global
	GlobalSection(SolutionConfigurationPlatforms) = preSolution
		Debug|Any CPU = Debug|Any CPU
		Release|Any CPU = Release|Any CPU
	EndGlobalSection
	GlobalSection(ProjectConfigurationPlatforms) = postSolution
		{97883E6F-DF2B-4E40-A2EA-FBC45A8BC381}.Debug|Any CPU.ActiveCfg = Debug|Any CPU
		{97883E6F-DF2B-4E40-A2EA-FBC45A8BC381}.Debug|Any CPU.Build.0 = Debug|Any CPU
		{97883E6F-DF2B-4E40-A2EA-FBC45A8BC381}.Release|Any CPU.ActiveCfg = Release|Any CPU
		{97883E6F-DF2B-4E40-A2EA-FBC45A8BC381}.Release|Any CPU.Build.0 = Release|Any CPU
		{9D641B07-7D3F-4AC5-9D0C-0CB660CED611}.Debug|Any CPU.ActiveCfg = Debug|Any CPU
		{9D641B07-7D3F-4AC5-9D0C-0CB660CED611}.Debug|Any CPU.Build.0 = Debug|Any CPU
		{9D641B07-7D3F-4AC5-9D0C-0CB660CED611}.Release|Any CPU.ActiveCfg = Release|Any CPU
		{9D641B07-7D3F-4AC5-9D0C-0CB660CED611}.Release|Any CPU.Build.0 = Release|Any CPU
		{270E175B-340C-4725-B683-BB95C02D39D1}.Debug|Any CPU.ActiveCfg = Debug|Any CPU
		{270E175B-340C-4725-B683-BB95C02D39D1}.Debug|Any CPU.Build.0 = Debug|Any CPU
		{270E175B-340C-4725-B683-BB95C02D39D1}.Release|Any CPU.ActiveCfg = Release|Any CPU
		{270E175B-340C-4725-B683-BB95C02D39D1}.Release|Any CPU.Build.0 = Release|Any CPU
		{D173F59E-77BA-4685-975B-6E60161BA0C0}.Debug|Any CPU.ActiveCfg = Debug|Any CPU
		{D173F59E-77BA-4685-975B-6E60161BA0C0}.Debug|Any CPU.Build.0 = Debug|Any CPU
		{D173F59E-77BA-4685-975B-6E60161BA0C0}.Release|Any CPU.ActiveCfg = Release|Any CPU
		{D173F59E-77BA-4685-975B-6E60161BA0C0}.Release|Any CPU.Build.0 = Release|Any CPU
	EndGlobalSection
	GlobalSection(SolutionProperties) = preSolution
		HideSolutionNode = FALSE
	EndGlobalSection
	GlobalSection(NestedProjects) = preSolution
		{97883E6F-DF2B-4E40-A2EA-FBC45A8BC381} = {8A4DA3BD-A48B-4A29-BDEE-056B19CE927F}
		{9D641B07-7D3F-4AC5-9D0C-0CB660CED611} = {335904EB-A38C-40C4-8507-3ACF6AE6223C}
		{270E175B-340C-4725-B683-BB95C02D39D1} = {6587E039-82A3-4ADB-BFC0-8AD9EBBC1948}
		{D173F59E-77BA-4685-975B-6E60161BA0C0} = {8CFA85DD-1A5E-46DA-A8D2-DF4525877904}
	EndGlobalSection
	GlobalSection(ExtensibilityGlobals) = postSolution
		SolutionGuid = {454DFEE8-933B-4FA9-B239-BBFC25204164}
	EndGlobalSection
EndGlobal
